// !$*UTF8*$!
{
	archiveVersion = 1;
	classes = {
	};
	objectVersion = 46;
	objects = {

/* Begin PBXBuildFile section */
		363582131E7C907200B3F70D /* AppDelegate.swift in Sources */ = {isa = PBXBuildFile; fileRef = 363582121E7C907200B3F70D /* AppDelegate.swift */; };
		363582151E7C907200B3F70D /* ViewController.swift in Sources */ = {isa = PBXBuildFile; fileRef = 363582141E7C907200B3F70D /* ViewController.swift */; };
		363582181E7C907200B3F70D /* Main.storyboard in Resources */ = {isa = PBXBuildFile; fileRef = 363582161E7C907200B3F70D /* Main.storyboard */; };
		3635821A1E7C907200B3F70D /* Assets.xcassets in Resources */ = {isa = PBXBuildFile; fileRef = 363582191E7C907200B3F70D /* Assets.xcassets */; };
		3635821D1E7C907200B3F70D /* LaunchScreen.storyboard in Resources */ = {isa = PBXBuildFile; fileRef = 3635821B1E7C907200B3F70D /* LaunchScreen.storyboard */; };
		363582281E7C907200B3F70D /* HotelBookingViewTests.swift in Sources */ = {isa = PBXBuildFile; fileRef = 363582271E7C907200B3F70D /* HotelBookingViewTests.swift */; };
		363582331E7C907200B3F70D /* HotelBookingViewUITests.swift in Sources */ = {isa = PBXBuildFile; fileRef = 363582321E7C907200B3F70D /* HotelBookingViewUITests.swift */; };
		363582431E7C963C00B3F70D /* PickerViewTableViewCell.swift in Sources */ = {isa = PBXBuildFile; fileRef = 363582411E7C963C00B3F70D /* PickerViewTableViewCell.swift */; };
		363582441E7C963C00B3F70D /* PickerViewTableViewCell.xib in Resources */ = {isa = PBXBuildFile; fileRef = 363582421E7C963C00B3F70D /* PickerViewTableViewCell.xib */; };
		363582471E7C96CB00B3F70D /* DatePickerTableViewCell.swift in Sources */ = {isa = PBXBuildFile; fileRef = 363582451E7C96CB00B3F70D /* DatePickerTableViewCell.swift */; };
		363582481E7C96CB00B3F70D /* DatePickerTableViewCell.xib in Resources */ = {isa = PBXBuildFile; fileRef = 363582461E7C96CB00B3F70D /* DatePickerTableViewCell.xib */; };
		3635824B1E7C975900B3F70D /* DescriptionsTableViewCell.swift in Sources */ = {isa = PBXBuildFile; fileRef = 363582491E7C975900B3F70D /* DescriptionsTableViewCell.swift */; };
		3635824C1E7C975900B3F70D /* DescriptionsTableViewCell.xib in Resources */ = {isa = PBXBuildFile; fileRef = 3635824A1E7C975900B3F70D /* DescriptionsTableViewCell.xib */; };
		3635824F1E7CA20900B3F70D /* HeaderView.xib in Resources */ = {isa = PBXBuildFile; fileRef = 3635824E1E7CA20900B3F70D /* HeaderView.xib */; };
		363582511E7CA28200B3F70D /* HeaderView.swift in Sources */ = {isa = PBXBuildFile; fileRef = 363582501E7CA28200B3F70D /* HeaderView.swift */; };
		363582541E7CA3C100B3F70D /* HeaderTableViewCell.swift in Sources */ = {isa = PBXBuildFile; fileRef = 363582521E7CA3C100B3F70D /* HeaderTableViewCell.swift */; };
		363582551E7CA3C100B3F70D /* HeaderTableViewCell.xib in Resources */ = {isa = PBXBuildFile; fileRef = 363582531E7CA3C100B3F70D /* HeaderTableViewCell.xib */; };
		363582571E7CA65300B3F70D /* Date+Extension.swift in Sources */ = {isa = PBXBuildFile; fileRef = 363582561E7CA65300B3F70D /* Date+Extension.swift */; };
/* End PBXBuildFile section */

/* Begin PBXContainerItemProxy section */
		363582241E7C907200B3F70D /* PBXContainerItemProxy */ = {
			isa = PBXContainerItemProxy;
			containerPortal = 363582071E7C907200B3F70D /* Project object */;
			proxyType = 1;
			remoteGlobalIDString = 3635820E1E7C907200B3F70D;
			remoteInfo = HotelBookingView;
		};
		3635822F1E7C907200B3F70D /* PBXContainerItemProxy */ = {
			isa = PBXContainerItemProxy;
			containerPortal = 363582071E7C907200B3F70D /* Project object */;
			proxyType = 1;
			remoteGlobalIDString = 3635820E1E7C907200B3F70D;
			remoteInfo = HotelBookingView;
		};
/* End PBXContainerItemProxy section */

/* Begin PBXFileReference section */
		3635820F1E7C907200B3F70D /* HotelBookingView.app */ = {isa = PBXFileReference; explicitFileType = wrapper.application; includeInIndex = 0; path = HotelBookingView.app; sourceTree = BUILT_PRODUCTS_DIR; };
		363582121E7C907200B3F70D /* AppDelegate.swift */ = {isa = PBXFileReference; lastKnownFileType = sourcecode.swift; path = AppDelegate.swift; sourceTree = "<group>"; };
		363582141E7C907200B3F70D /* ViewController.swift */ = {isa = PBXFileReference; lastKnownFileType = sourcecode.swift; path = ViewController.swift; sourceTree = "<group>"; };
		363582171E7C907200B3F70D /* Base */ = {isa = PBXFileReference; lastKnownFileType = file.storyboard; name = Base; path = Base.lproj/Main.storyboard; sourceTree = "<group>"; };
		363582191E7C907200B3F70D /* Assets.xcassets */ = {isa = PBXFileReference; lastKnownFileType = folder.assetcatalog; path = Assets.xcassets; sourceTree = "<group>"; };
		3635821C1E7C907200B3F70D /* Base */ = {isa = PBXFileReference; lastKnownFileType = file.storyboard; name = Base; path = Base.lproj/LaunchScreen.storyboard; sourceTree = "<group>"; };
		3635821E1E7C907200B3F70D /* Info.plist */ = {isa = PBXFileReference; lastKnownFileType = text.plist.xml; path = Info.plist; sourceTree = "<group>"; };
		363582231E7C907200B3F70D /* HotelBookingViewTests.xctest */ = {isa = PBXFileReference; explicitFileType = wrapper.cfbundle; includeInIndex = 0; path = HotelBookingViewTests.xctest; sourceTree = BUILT_PRODUCTS_DIR; };
		363582271E7C907200B3F70D /* HotelBookingViewTests.swift */ = {isa = PBXFileReference; lastKnownFileType = sourcecode.swift; path = HotelBookingViewTests.swift; sourceTree = "<group>"; };
		363582291E7C907200B3F70D /* Info.plist */ = {isa = PBXFileReference; lastKnownFileType = text.plist.xml; path = Info.plist; sourceTree = "<group>"; };
		3635822E1E7C907200B3F70D /* HotelBookingViewUITests.xctest */ = {isa = PBXFileReference; explicitFileType = wrapper.cfbundle; includeInIndex = 0; path = HotelBookingViewUITests.xctest; sourceTree = BUILT_PRODUCTS_DIR; };
		363582321E7C907200B3F70D /* HotelBookingViewUITests.swift */ = {isa = PBXFileReference; lastKnownFileType = sourcecode.swift; path = HotelBookingViewUITests.swift; sourceTree = "<group>"; };
		363582341E7C907200B3F70D /* Info.plist */ = {isa = PBXFileReference; lastKnownFileType = text.plist.xml; path = Info.plist; sourceTree = "<group>"; };
		363582411E7C963C00B3F70D /* PickerViewTableViewCell.swift */ = {isa = PBXFileReference; fileEncoding = 4; lastKnownFileType = sourcecode.swift; name = PickerViewTableViewCell.swift; path = Cells/PickerViewTableViewCell.swift; sourceTree = "<group>"; };
		363582421E7C963C00B3F70D /* PickerViewTableViewCell.xib */ = {isa = PBXFileReference; fileEncoding = 4; lastKnownFileType = file.xib; name = PickerViewTableViewCell.xib; path = Cells/PickerViewTableViewCell.xib; sourceTree = "<group>"; };
		363582451E7C96CB00B3F70D /* DatePickerTableViewCell.swift */ = {isa = PBXFileReference; fileEncoding = 4; lastKnownFileType = sourcecode.swift; name = DatePickerTableViewCell.swift; path = Cells/DatePickerTableViewCell.swift; sourceTree = "<group>"; };
		363582461E7C96CB00B3F70D /* DatePickerTableViewCell.xib */ = {isa = PBXFileReference; fileEncoding = 4; lastKnownFileType = file.xib; name = DatePickerTableViewCell.xib; path = Cells/DatePickerTableViewCell.xib; sourceTree = "<group>"; };
		363582491E7C975900B3F70D /* DescriptionsTableViewCell.swift */ = {isa = PBXFileReference; fileEncoding = 4; lastKnownFileType = sourcecode.swift; name = DescriptionsTableViewCell.swift; path = Cells/DescriptionsTableViewCell.swift; sourceTree = "<group>"; };
		3635824A1E7C975900B3F70D /* DescriptionsTableViewCell.xib */ = {isa = PBXFileReference; fileEncoding = 4; lastKnownFileType = file.xib; name = DescriptionsTableViewCell.xib; path = Cells/DescriptionsTableViewCell.xib; sourceTree = "<group>"; };
		3635824E1E7CA20900B3F70D /* HeaderView.xib */ = {isa = PBXFileReference; fileEncoding = 4; lastKnownFileType = file.xib; name = HeaderView.xib; path = Views/HeaderView.xib; sourceTree = "<group>"; };
		363582501E7CA28200B3F70D /* HeaderView.swift */ = {isa = PBXFileReference; fileEncoding = 4; lastKnownFileType = sourcecode.swift; name = HeaderView.swift; path = Views/HeaderView.swift; sourceTree = "<group>"; };
		363582521E7CA3C100B3F70D /* HeaderTableViewCell.swift */ = {isa = PBXFileReference; fileEncoding = 4; lastKnownFileType = sourcecode.swift; name = HeaderTableViewCell.swift; path = Cells/HeaderTableViewCell.swift; sourceTree = "<group>"; };
		363582531E7CA3C100B3F70D /* HeaderTableViewCell.xib */ = {isa = PBXFileReference; fileEncoding = 4; lastKnownFileType = file.xib; name = HeaderTableViewCell.xib; path = Cells/HeaderTableViewCell.xib; sourceTree = "<group>"; };
		363582561E7CA65300B3F70D /* Date+Extension.swift */ = {isa = PBXFileReference; fileEncoding = 4; lastKnownFileType = sourcecode.swift; name = "Date+Extension.swift"; path = "Extension/Date+Extension.swift"; sourceTree = "<group>"; };
/* End PBXFileReference section */

/* Begin PBXFrameworksBuildPhase section */
		3635820C1E7C907200B3F70D /* Frameworks */ = {
			isa = PBXFrameworksBuildPhase;
			buildActionMask = 2147483647;
			files = (
			);
			runOnlyForDeploymentPostprocessing = 0;
		};
		363582201E7C907200B3F70D /* Frameworks */ = {
			isa = PBXFrameworksBuildPhase;
			buildActionMask = 2147483647;
			files = (
			);
			runOnlyForDeploymentPostprocessing = 0;
		};
		3635822B1E7C907200B3F70D /* Frameworks */ = {
			isa = PBXFrameworksBuildPhase;
			buildActionMask = 2147483647;
			files = (
			);
			runOnlyForDeploymentPostprocessing = 0;
		};
/* End PBXFrameworksBuildPhase section */

/* Begin PBXGroup section */
		363582061E7C907200B3F70D = {
			isa = PBXGroup;
			children = (
				363582111E7C907200B3F70D /* HotelBookingView */,
				363582261E7C907200B3F70D /* HotelBookingViewTests */,
				363582311E7C907200B3F70D /* HotelBookingViewUITests */,
				363582101E7C907200B3F70D /* Products */,
			);
			sourceTree = "<group>";
		};
		363582101E7C907200B3F70D /* Products */ = {
			isa = PBXGroup;
			children = (
				3635820F1E7C907200B3F70D /* HotelBookingView.app */,
				363582231E7C907200B3F70D /* HotelBookingViewTests.xctest */,
				3635822E1E7C907200B3F70D /* HotelBookingViewUITests.xctest */,
			);
			name = Products;
			sourceTree = "<group>";
		};
		363582111E7C907200B3F70D /* HotelBookingView */ = {
			isa = PBXGroup;
			children = (
				363582581E7CA65900B3F70D /* Extension */,
				3635824D1E7CA1CB00B3F70D /* Views */,
				363582401E7C95FA00B3F70D /* Cells */,
				363582121E7C907200B3F70D /* AppDelegate.swift */,
				363582141E7C907200B3F70D /* ViewController.swift */,
				363582161E7C907200B3F70D /* Main.storyboard */,
				363582191E7C907200B3F70D /* Assets.xcassets */,
				3635821B1E7C907200B3F70D /* LaunchScreen.storyboard */,
				3635821E1E7C907200B3F70D /* Info.plist */,
			);
			path = HotelBookingView;
			sourceTree = "<group>";
		};
		363582261E7C907200B3F70D /* HotelBookingViewTests */ = {
			isa = PBXGroup;
			children = (
				363582271E7C907200B3F70D /* HotelBookingViewTests.swift */,
				363582291E7C907200B3F70D /* Info.plist */,
			);
			path = HotelBookingViewTests;
			sourceTree = "<group>";
		};
		363582311E7C907200B3F70D /* HotelBookingViewUITests */ = {
			isa = PBXGroup;
			children = (
				363582321E7C907200B3F70D /* HotelBookingViewUITests.swift */,
				363582341E7C907200B3F70D /* Info.plist */,
			);
			path = HotelBookingViewUITests;
			sourceTree = "<group>";
		};
		363582401E7C95FA00B3F70D /* Cells */ = {
			isa = PBXGroup;
			children = (
				363582411E7C963C00B3F70D /* PickerViewTableViewCell.swift */,
				363582421E7C963C00B3F70D /* PickerViewTableViewCell.xib */,
				363582451E7C96CB00B3F70D /* DatePickerTableViewCell.swift */,
				363582461E7C96CB00B3F70D /* DatePickerTableViewCell.xib */,
				363582491E7C975900B3F70D /* DescriptionsTableViewCell.swift */,
				3635824A1E7C975900B3F70D /* DescriptionsTableViewCell.xib */,
				363582521E7CA3C100B3F70D /* HeaderTableViewCell.swift */,
				363582531E7CA3C100B3F70D /* HeaderTableViewCell.xib */,
			);
			name = Cells;
			sourceTree = "<group>";
		};
		3635824D1E7CA1CB00B3F70D /* Views */ = {
			isa = PBXGroup;
			children = (
				3635824E1E7CA20900B3F70D /* HeaderView.xib */,
				363582501E7CA28200B3F70D /* HeaderView.swift */,
			);
			name = Views;
			sourceTree = "<group>";
		};
		363582581E7CA65900B3F70D /* Extension */ = {
			isa = PBXGroup;
			children = (
				363582561E7CA65300B3F70D /* Date+Extension.swift */,
			);
			name = Extension;
			sourceTree = "<group>";
		};
/* End PBXGroup section */

/* Begin PBXNativeTarget section */
		3635820E1E7C907200B3F70D /* HotelBookingView */ = {
			isa = PBXNativeTarget;
			buildConfigurationList = 363582371E7C907200B3F70D /* Build configuration list for PBXNativeTarget "HotelBookingView" */;
			buildPhases = (
				3635820B1E7C907200B3F70D /* Sources */,
				3635820C1E7C907200B3F70D /* Frameworks */,
				3635820D1E7C907200B3F70D /* Resources */,
			);
			buildRules = (
			);
			dependencies = (
			);
			name = HotelBookingView;
			productName = HotelBookingView;
			productReference = 3635820F1E7C907200B3F70D /* HotelBookingView.app */;
			productType = "com.apple.product-type.application";
		};
		363582221E7C907200B3F70D /* HotelBookingViewTests */ = {
			isa = PBXNativeTarget;
			buildConfigurationList = 3635823A1E7C907200B3F70D /* Build configuration list for PBXNativeTarget "HotelBookingViewTests" */;
			buildPhases = (
				3635821F1E7C907200B3F70D /* Sources */,
				363582201E7C907200B3F70D /* Frameworks */,
				363582211E7C907200B3F70D /* Resources */,
			);
			buildRules = (
			);
			dependencies = (
				363582251E7C907200B3F70D /* PBXTargetDependency */,
			);
			name = HotelBookingViewTests;
			productName = HotelBookingViewTests;
			productReference = 363582231E7C907200B3F70D /* HotelBookingViewTests.xctest */;
			productType = "com.apple.product-type.bundle.unit-test";
		};
		3635822D1E7C907200B3F70D /* HotelBookingViewUITests */ = {
			isa = PBXNativeTarget;
			buildConfigurationList = 3635823D1E7C907200B3F70D /* Build configuration list for PBXNativeTarget "HotelBookingViewUITests" */;
			buildPhases = (
				3635822A1E7C907200B3F70D /* Sources */,
				3635822B1E7C907200B3F70D /* Frameworks */,
				3635822C1E7C907200B3F70D /* Resources */,
			);
			buildRules = (
			);
			dependencies = (
				363582301E7C907200B3F70D /* PBXTargetDependency */,
			);
			name = HotelBookingViewUITests;
			productName = HotelBookingViewUITests;
			productReference = 3635822E1E7C907200B3F70D /* HotelBookingViewUITests.xctest */;
			productType = "com.apple.product-type.bundle.ui-testing";
		};
/* End PBXNativeTarget section */

/* Begin PBXProject section */
		363582071E7C907200B3F70D /* Project object */ = {
			isa = PBXProject;
			attributes = {
				LastSwiftUpdateCheck = 0820;
				LastUpgradeCheck = 0820;
				ORGANIZATIONNAME = "Jetmir Morina";
				TargetAttributes = {
					3635820E1E7C907200B3F70D = {
						CreatedOnToolsVersion = 8.2.1;
						ProvisioningStyle = Automatic;
					};
					363582221E7C907200B3F70D = {
						CreatedOnToolsVersion = 8.2.1;
						ProvisioningStyle = Automatic;
						TestTargetID = 3635820E1E7C907200B3F70D;
					};
					3635822D1E7C907200B3F70D = {
						CreatedOnToolsVersion = 8.2.1;
						ProvisioningStyle = Automatic;
						TestTargetID = 3635820E1E7C907200B3F70D;
					};
				};
			};
			buildConfigurationList = 3635820A1E7C907200B3F70D /* Build configuration list for PBXProject "HotelBookingView" */;
			compatibilityVersion = "Xcode 3.2";
			developmentRegion = English;
			hasScannedForEncodings = 0;
			knownRegions = (
				en,
				Base,
			);
			mainGroup = 363582061E7C907200B3F70D;
			productRefGroup = 363582101E7C907200B3F70D /* Products */;
			projectDirPath = "";
			projectRoot = "";
			targets = (
				3635820E1E7C907200B3F70D /* HotelBookingView */,
				363582221E7C907200B3F70D /* HotelBookingViewTests */,
				3635822D1E7C907200B3F70D /* HotelBookingViewUITests */,
			);
		};
/* End PBXProject section */

/* Begin PBXResourcesBuildPhase section */
		3635820D1E7C907200B3F70D /* Resources */ = {
			isa = PBXResourcesBuildPhase;
			buildActionMask = 2147483647;
			files = (
				3635824C1E7C975900B3F70D /* DescriptionsTableViewCell.xib in Resources */,
				363582441E7C963C00B3F70D /* PickerViewTableViewCell.xib in Resources */,
				3635821D1E7C907200B3F70D /* LaunchScreen.storyboard in Resources */,
				3635821A1E7C907200B3F70D /* Assets.xcassets in Resources */,
				363582551E7CA3C100B3F70D /* HeaderTableViewCell.xib in Resources */,
				363582181E7C907200B3F70D /* Main.storyboard in Resources */,
				363582481E7C96CB00B3F70D /* DatePickerTableViewCell.xib in Resources */,
				3635824F1E7CA20900B3F70D /* HeaderView.xib in Resources */,
			);
			runOnlyForDeploymentPostprocessing = 0;
		};
		363582211E7C907200B3F70D /* Resources */ = {
			isa = PBXResourcesBuildPhase;
			buildActionMask = 2147483647;
			files = (
			);
			runOnlyForDeploymentPostprocessing = 0;
		};
		3635822C1E7C907200B3F70D /* Resources */ = {
			isa = PBXResourcesBuildPhase;
			buildActionMask = 2147483647;
			files = (
			);
			runOnlyForDeploymentPostprocessing = 0;
		};
/* End PBXResourcesBuildPhase section */

/* Begin PBXSourcesBuildPhase section */
		3635820B1E7C907200B3F70D /* Sources */ = {
			isa = PBXSourcesBuildPhase;
			buildActionMask = 2147483647;
			files = (
				3635824B1E7C975900B3F70D /* DescriptionsTableViewCell.swift in Sources */,
				363582511E7CA28200B3F70D /* HeaderView.swift in Sources */,
				363582431E7C963C00B3F70D /* PickerViewTableViewCell.swift in Sources */,
				363582541E7CA3C100B3F70D /* HeaderTableViewCell.swift in Sources */,
				363582151E7C907200B3F70D /* ViewController.swift in Sources */,
				363582571E7CA65300B3F70D /* Date+Extension.swift in Sources */,
				363582131E7C907200B3F70D /* AppDelegate.swift in Sources */,
				363582471E7C96CB00B3F70D /* DatePickerTableViewCell.swift in Sources */,
			);
			runOnlyForDeploymentPostprocessing = 0;
		};
		3635821F1E7C907200B3F70D /* Sources */ = {
			isa = PBXSourcesBuildPhase;
			buildActionMask = 2147483647;
			files = (
				363582281E7C907200B3F70D /* HotelBookingViewTests.swift in Sources */,
			);
			runOnlyForDeploymentPostprocessing = 0;
		};
		3635822A1E7C907200B3F70D /* Sources */ = {
			isa = PBXSourcesBuildPhase;
			buildActionMask = 2147483647;
			files = (
				363582331E7C907200B3F70D /* HotelBookingViewUITests.swift in Sources */,
			);
			runOnlyForDeploymentPostprocessing = 0;
		};
/* End PBXSourcesBuildPhase section */

/* Begin PBXTargetDependency section */
		363582251E7C907200B3F70D /* PBXTargetDependency */ = {
			isa = PBXTargetDependency;
			target = 3635820E1E7C907200B3F70D /* HotelBookingView */;
			targetProxy = 363582241E7C907200B3F70D /* PBXContainerItemProxy */;
		};
		363582301E7C907200B3F70D /* PBXTargetDependency */ = {
			isa = PBXTargetDependency;
			target = 3635820E1E7C907200B3F70D /* HotelBookingView */;
			targetProxy = 3635822F1E7C907200B3F70D /* PBXContainerItemProxy */;
		};
/* End PBXTargetDependency section */

/* Begin PBXVariantGroup section */
		363582161E7C907200B3F70D /* Main.storyboard */ = {
			isa = PBXVariantGroup;
			children = (
				363582171E7C907200B3F70D /* Base */,
			);
			name = Main.storyboard;
			sourceTree = "<group>";
		};
		3635821B1E7C907200B3F70D /* LaunchScreen.storyboard */ = {
			isa = PBXVariantGroup;
			children = (
				3635821C1E7C907200B3F70D /* Base */,
			);
			name = LaunchScreen.storyboard;
			sourceTree = "<group>";
		};
/* End PBXVariantGroup section */

/* Begin XCBuildConfiguration section */
		363582351E7C907200B3F70D /* Debug */ = {
			isa = XCBuildConfiguration;
			buildSettings = {
				ALWAYS_SEARCH_USER_PATHS = NO;
				CLANG_ANALYZER_NONNULL = YES;
				CLANG_CXX_LANGUAGE_STANDARD = "gnu++0x";
				CLANG_CXX_LIBRARY = "libc++";
				CLANG_ENABLE_MODULES = YES;
				CLANG_ENABLE_OBJC_ARC = YES;
				CLANG_WARN_BOOL_CONVERSION = YES;
				CLANG_WARN_CONSTANT_CONVERSION = YES;
				CLANG_WARN_DIRECT_OBJC_ISA_USAGE = YES_ERROR;
				CLANG_WARN_DOCUMENTATION_COMMENTS = YES;
				CLANG_WARN_EMPTY_BODY = YES;
				CLANG_WARN_ENUM_CONVERSION = YES;
				CLANG_WARN_INFINITE_RECURSION = YES;
				CLANG_WARN_INT_CONVERSION = YES;
				CLANG_WARN_OBJC_ROOT_CLASS = YES_ERROR;
				CLANG_WARN_SUSPICIOUS_MOVE = YES;
				CLANG_WARN_UNREACHABLE_CODE = YES;
				CLANG_WARN__DUPLICATE_METHOD_MATCH = YES;
				"CODE_SIGN_IDENTITY[sdk=iphoneos*]" = "iPhone Developer";
				COPY_PHASE_STRIP = NO;
				DEBUG_INFORMATION_FORMAT = dwarf;
				ENABLE_STRICT_OBJC_MSGSEND = YES;
				ENABLE_TESTABILITY = YES;
				GCC_C_LANGUAGE_STANDARD = gnu99;
				GCC_DYNAMIC_NO_PIC = NO;
				GCC_NO_COMMON_BLOCKS = YES;
				GCC_OPTIMIZATION_LEVEL = 0;
				GCC_PREPROCESSOR_DEFINITIONS = (
					"DEBUG=1",
					"$(inherited)",
				);
				GCC_WARN_64_TO_32_BIT_CONVERSION = YES;
				GCC_WARN_ABOUT_RETURN_TYPE = YES_ERROR;
				GCC_WARN_UNDECLARED_SELECTOR = YES;
				GCC_WARN_UNINITIALIZED_AUTOS = YES_AGGRESSIVE;
				GCC_WARN_UNUSED_FUNCTION = YES;
				GCC_WARN_UNUSED_VARIABLE = YES;
				IPHONEOS_DEPLOYMENT_TARGET = 10.2;
				MTL_ENABLE_DEBUG_INFO = YES;
				ONLY_ACTIVE_ARCH = YES;
				SDKROOT = iphoneos;
				SWIFT_ACTIVE_COMPILATION_CONDITIONS = DEBUG;
				SWIFT_OPTIMIZATION_LEVEL = "-Onone";
				TARGETED_DEVICE_FAMILY = "1,2";
			};
			name = Debug;
		};
		363582361E7C907200B3F70D /* Release */ = {
			isa = XCBuildConfiguration;
			buildSettings = {
				ALWAYS_SEARCH_USER_PATHS = NO;
				CLANG_ANALYZER_NONNULL = YES;
				CLANG_CXX_LANGUAGE_STANDARD = "gnu++0x";
				CLANG_CXX_LIBRARY = "libc++";
				CLANG_ENABLE_MODULES = YES;
				CLANG_ENABLE_OBJC_ARC = YES;
				CLANG_WARN_BOOL_CONVERSION = YES;
				CLANG_WARN_CONSTANT_CONVERSION = YES;
				CLANG_WARN_DIRECT_OBJC_ISA_USAGE = YES_ERROR;
				CLANG_WARN_DOCUMENTATION_COMMENTS = YES;
				CLANG_WARN_EMPTY_BODY = YES;
				CLANG_WARN_ENUM_CONVERSION = YES;
				CLANG_WARN_INFINITE_RECURSION = YES;
				CLANG_WARN_INT_CONVERSION = YES;
				CLANG_WARN_OBJC_ROOT_CLASS = YES_ERROR;
				CLANG_WARN_SUSPICIOUS_MOVE = YES;
				CLANG_WARN_UNREACHABLE_CODE = YES;
				CLANG_WARN__DUPLICATE_METHOD_MATCH = YES;
				"CODE_SIGN_IDENTITY[sdk=iphoneos*]" = "iPhone Developer";
				COPY_PHASE_STRIP = NO;
				DEBUG_INFORMATION_FORMAT = "dwarf-with-dsym";
				ENABLE_NS_ASSERTIONS = NO;
				ENABLE_STRICT_OBJC_MSGSEND = YES;
				GCC_C_LANGUAGE_STANDARD = gnu99;
				GCC_NO_COMMON_BLOCKS = YES;
				GCC_WARN_64_TO_32_BIT_CONVERSION = YES;
				GCC_WARN_ABOUT_RETURN_TYPE = YES_ERROR;
				GCC_WARN_UNDECLARED_SELECTOR = YES;
				GCC_WARN_UNINITIALIZED_AUTOS = YES_AGGRESSIVE;
				GCC_WARN_UNUSED_FUNCTION = YES;
				GCC_WARN_UNUSED_VARIABLE = YES;
				IPHONEOS_DEPLOYMENT_TARGET = 10.2;
				MTL_ENABLE_DEBUG_INFO = NO;
				SDKROOT = iphoneos;
				SWIFT_OPTIMIZATION_LEVEL = "-Owholemodule";
				TARGETED_DEVICE_FAMILY = "1,2";
				VALIDATE_PRODUCT = YES;
			};
			name = Release;
		};
		363582381E7C907200B3F70D /* Debug */ = {
			isa = XCBuildConfiguration;
			buildSettings = {
				ASSETCATALOG_COMPILER_APPICON_NAME = AppIcon;
				INFOPLIST_FILE = HotelBookingView/Info.plist;
				LD_RUNPATH_SEARCH_PATHS = "$(inherited) @executable_path/Frameworks";
				PRODUCT_BUNDLE_IDENTIFIER = com.jetmirmorina.HotelBookingView;
				PRODUCT_NAME = "$(TARGET_NAME)";
				SWIFT_VERSION = 3.0;
			};
			name = Debug;
		};
		363582391E7C907200B3F70D /* Release */ = {
			isa = XCBuildConfiguration;
			buildSettings = {
				ASSETCATALOG_COMPILER_APPICON_NAME = AppIcon;
				INFOPLIST_FILE = HotelBookingView/Info.plist;
				LD_RUNPATH_SEARCH_PATHS = "$(inherited) @executable_path/Frameworks";
				PRODUCT_BUNDLE_IDENTIFIER = com.jetmirmorina.HotelBookingView;
				PRODUCT_NAME = "$(TARGET_NAME)";
				SWIFT_VERSION = 3.0;
			};
			name = Release;
		};
		3635823B1E7C907200B3F70D /* Debug */ = {
			isa = XCBuildConfiguration;
			buildSettings = {
				ALWAYS_EMBED_SWIFT_STANDARD_LIBRARIES = YES;
				BUNDLE_LOADER = "$(TEST_HOST)";
				INFOPLIST_FILE = HotelBookingViewTests/Info.plist;
				LD_RUNPATH_SEARCH_PATHS = "$(inherited) @executable_path/Frameworks @loader_path/Frameworks";
				PRODUCT_BUNDLE_IDENTIFIER = com.jetmirmorina.HotelBookingViewTests;
				PRODUCT_NAME = "$(TARGET_NAME)";
				SWIFT_VERSION = 3.0;
				TEST_HOST = "$(BUILT_PRODUCTS_DIR)/HotelBookingView.app/HotelBookingView";
			};
			name = Debug;
		};
		3635823C1E7C907200B3F70D /* Release */ = {
			isa = XCBuildConfiguration;
			buildSettings = {
				ALWAYS_EMBED_SWIFT_STANDARD_LIBRARIES = YES;
				BUNDLE_LOADER = "$(TEST_HOST)";
				INFOPLIST_FILE = HotelBookingViewTests/Info.plist;
				LD_RUNPATH_SEARCH_PATHS = "$(inherited) @executable_path/Frameworks @loader_path/Frameworks";
				PRODUCT_BUNDLE_IDENTIFIER = com.jetmirmorina.HotelBookingViewTests;
				PRODUCT_NAME = "$(TARGET_NAME)";
				SWIFT_VERSION = 3.0;
				TEST_HOST = "$(BUILT_PRODUCTS_DIR)/HotelBookingView.app/HotelBookingView";
			};
			name = Release;
		};
		3635823E1E7C907200B3F70D /* Debug */ = {
			isa = XCBuildConfiguration;
			buildSettings = {
				ALWAYS_EMBED_SWIFT_STANDARD_LIBRARIES = YES;
				INFOPLIST_FILE = HotelBookingViewUITests/Info.plist;
				LD_RUNPATH_SEARCH_PATHS = "$(inherited) @executable_path/Frameworks @loader_path/Frameworks";
				PRODUCT_BUNDLE_IDENTIFIER = com.jetmirmorina.HotelBookingViewUITests;
				PRODUCT_NAME = "$(TARGET_NAME)";
				SWIFT_VERSION = 3.0;
				TEST_TARGET_NAME = HotelBookingView;
			};
			name = Debug;
		};
		3635823F1E7C907200B3F70D /* Release */ = {
			isa = XCBuildConfiguration;
			buildSettings = {
				ALWAYS_EMBED_SWIFT_STANDARD_LIBRARIES = YES;
				INFOPLIST_FILE = HotelBookingViewUITests/Info.plist;
				LD_RUNPATH_SEARCH_PATHS = "$(inherited) @executable_path/Frameworks @loader_path/Frameworks";
				PRODUCT_BUNDLE_IDENTIFIER = com.jetmirmorina.HotelBookingViewUITests;
				PRODUCT_NAME = "$(TARGET_NAME)";
				SWIFT_VERSION = 3.0;
				TEST_TARGET_NAME = HotelBookingView;
			};
			name = Release;
		};
/* End XCBuildConfiguration section */

/* Begin XCConfigurationList section */
		3635820A1E7C907200B3F70D /* Build configuration list for PBXProject "HotelBookingView" */ = {
			isa = XCConfigurationList;
			buildConfigurations = (
				363582351E7C907200B3F70D /* Debug */,
				363582361E7C907200B3F70D /* Release */,
			);
			defaultConfigurationIsVisible = 0;
			defaultConfigurationName = Release;
		};
		363582371E7C907200B3F70D /* Build configuration list for PBXNativeTarget "HotelBookingView" */ = {
			isa = XCConfigurationList;
			buildConfigurations = (
				363582381E7C907200B3F70D /* Debug */,
				363582391E7C907200B3F70D /* Release */,
			);
			defaultConfigurationIsVisible = 0;
		};
		3635823A1E7C907200B3F70D /* Build configuration list for PBXNativeTarget "HotelBookingViewTests" */ = {
			isa = XCConfigurationList;
			buildConfigurations = (
				3635823B1E7C907200B3F70D /* Debug */,
				3635823C1E7C907200B3F70D /* Release */,
			);
			defaultConfigurationIsVisible = 0;
		};
		3635823D1E7C907200B3F70D /* Build configuration list for PBXNativeTarget "HotelBookingViewUITests" */ = {
			isa = XCConfigurationList;
			buildConfigurations = (
				3635823E1E7C907200B3F70D /* Debug */,
				3635823F1E7C907200B3F70D /* Release */,
			);
			defaultConfigurationIsVisible = 0;
		};
/* End XCConfigurationList section */
	};
	rootObject = 363582071E7C907200B3F70D /* Project object */;
}
